
Microsoft Visual Studio Solution File, Format Version 12.00
# Visual Studio 15
VisualStudioVersion = 15.0.26430.6
MinimumVisualStudioVersion = 10.0.40219.1
Project("{FAE04EC0-301F-11D3-BF4B-00C04F79EFBC}") = "WordGenerator", "WordGenerator\WordGenerator.csproj", "{3EF64170-B239-4DD1-83A8-5EF3770B4609}"
EndProject
Project("{FAE04EC0-301F-11D3-BF4B-00C04F79EFBC}") = "WordGenerator.Business", "WordGenerator.Business\WordGenerator.Business.csproj", "{2B151EC8-2925-4B5F-BDD8-12EA92798C2E}"
EndProject
Project("{FAE04EC0-301F-11D3-BF4B-00C04F79EFBC}") = "WordGenerator.Model", "WordGenerator.Model\WordGenerator.Model.csproj", "{7DE62EA1-43D5-41D8-90F7-22B16F548977}"
EndProject
Global
	GlobalSection(SolutionConfigurationPlatforms) = preSolution
		Debug|Any CPU = Debug|Any CPU
		Release|Any CPU = Release|Any CPU
	EndGlobalSection
	GlobalSection(ProjectConfigurationPlatforms) = postSolution
		{3EF64170-B239-4DD1-83A8-5EF3770B4609}.Debug|Any CPU.ActiveCfg = Debug|Any CPU
		{3EF64170-B239-4DD1-83A8-5EF3770B4609}.Debug|Any CPU.Build.0 = Debug|Any CPU
		{3EF64170-B239-4DD1-83A8-5EF3770B4609}.Release|Any CPU.ActiveCfg = Release|Any CPU
		{3EF64170-B239-4DD1-83A8-5EF3770B4609}.Release|Any CPU.Build.0 = Release|Any CPU
		{2B151EC8-2925-4B5F-BDD8-12EA92798C2E}.Debug|Any CPU.ActiveCfg = Debug|Any CPU
		{2B151EC8-2925-4B5F-BDD8-12EA92798C2E}.Debug|Any CPU.Build.0 = Debug|Any CPU
		{2B151EC8-2925-4B5F-BDD8-12EA92798C2E}.Release|Any CPU.ActiveCfg = Release|Any CPU
		{2B151EC8-2925-4B5F-BDD8-12EA92798C2E}.Release|Any CPU.Build.0 = Release|Any CPU
		{7DE62EA1-43D5-41D8-90F7-22B16F548977}.Debug|Any CPU.ActiveCfg = Debug|Any CPU
		{7DE62EA1-43D5-41D8-90F7-22B16F548977}.Debug|Any CPU.Build.0 = Debug|Any CPU
		{7DE62EA1-43D5-41D8-90F7-22B16F548977}.Release|Any CPU.ActiveCfg = Release|Any CPU
		{7DE62EA1-43D5-41D8-90F7-22B16F548977}.Release|Any CPU.Build.0 = Release|Any CPU
	EndGlobalSection
	GlobalSection(SolutionProperties) = preSolution
		HideSolutionNode = FALSE
	EndGlobalSection
EndGlobal
